{
  "nodes": {
    "flake-utils": {
      "locked": {
        "lastModified": 1659877975,
        "narHash": "sha256-zllb8aq3YO3h8B/U0/J1WBgAL8EX5yWf5pMj3G0NAmc=",
        "owner": "numtide",
        "repo": "flake-utils",
        "rev": "c0e246b9b83f637f4681389ecabcb2681b4f3af0",
        "type": "github"
      },
      "original": {
        "owner": "numtide",
        "repo": "flake-utils",
        "type": "github"
      }
    },
    "haskellTar": {
      "flake": false,
      "locked": {
        "lastModified": 1657046996,
        "narHash": "sha256-gDxF+1L0sMzwogCCTGtiYnPgZMIg5fTWV8d062F7iR0=",
        "owner": "haskell",
        "repo": "tar",
        "rev": "dbf8c995153c8a80450724d9f94cf33403740c80",
        "type": "github"
      },
      "original": {
        "owner": "haskell",
        "repo": "tar",
        "rev": "dbf8c995153c8a80450724d9f94cf33403740c80",
        "type": "github"
      }
    },
    "nixpkgs": {
      "locked": {
        "lastModified": 1666880216,
        "narHash": "sha256-tmrLcS13Twids3zVXlgG8H//DBYo6uYikOhMxh/HK8I=",
        "owner": "NixOS",
        "repo": "nixpkgs",
        "rev": "93a2ebf4cdf544d4e9ab7697f9fcd4e9410ba9b9",
        "type": "github"
      },
      "original": {
        "owner": "NixOS",
        "ref": "master",
        "repo": "nixpkgs",
        "type": "github"
      }
    },
    "root": {
      "inputs": {
        "flake-utils": "flake-utils",
        "nixpkgs": "nixpkgs",
        "smoke": "smoke"
      }
    },
    "smoke": {
      "inputs": {
        "flake-utils": [
          "flake-utils"
        ],
        "haskellTar": "haskellTar",
        "nixpkgs": [
          "nixpkgs"
        ]
      },
      "locked": {
        "lastModified": 1659897340,
        "narHash": "sha256-INmCNzbFcz+71MSpgrsa7GZMRh93JCNkK2gt2CFnASI=",
        "owner": "SamirTalwar",
        "repo": "smoke",
        "rev": "99770bfdee077d4a5450a59ca2298f944a03f12f",
        "type": "github"
      },
      "original": {
        "owner": "SamirTalwar",
        "ref": "99770bfd",
        "repo": "smoke",
        "type": "github"
      }
    }
  },
  "root": "root",
  "version": 7
}
