{
  "nodes": {
    "flake-utils": {
      "locked": {
        "lastModified": 1656928814,
        "narHash": "sha256-RIFfgBuKz6Hp89yRr7+NR5tzIAbn52h8vT6vXkYjZoM=",
        "owner": "numtide",
        "repo": "flake-utils",
        "rev": "7e2a3b3dfd9af950a856d66b0a7d01e3c18aa249",
        "type": "github"
      },
      "original": {
        "owner": "numtide",
        "repo": "flake-utils",
        "type": "github"
      }
    },
    "haskellTar": {
      "flake": false,
      "locked": {
        "lastModified": 1657046996,
        "narHash": "sha256-gDxF+1L0sMzwogCCTGtiYnPgZMIg5fTWV8d062F7iR0=",
        "owner": "haskell",
        "repo": "tar",
        "rev": "dbf8c995153c8a80450724d9f94cf33403740c80",
        "type": "github"
      },
      "original": {
        "owner": "haskell",
        "repo": "tar",
        "rev": "dbf8c995153c8a80450724d9f94cf33403740c80",
        "type": "github"
      }
    },
    "nixpkgs": {
      "locked": {
        "lastModified": 1659482614,
        "narHash": "sha256-QKbFysvl4GkrvXWSKz6ch22wBB6sAirkg8UrjcQCAmg=",
        "owner": "NixOS",
        "repo": "nixpkgs",
        "rev": "d66c30d1e5990634aa30baf96c06ec2eb8a1f8fa",
        "type": "github"
      },
      "original": {
        "owner": "NixOS",
        "ref": "master",
        "repo": "nixpkgs",
        "type": "github"
      }
    },
    "root": {
      "inputs": {
        "flake-utils": "flake-utils",
        "nixpkgs": "nixpkgs",
        "smoke": "smoke"
      }
    },
    "smoke": {
      "inputs": {
        "flake-utils": [
          "flake-utils"
        ],
        "haskellTar": "haskellTar",
        "nixpkgs": [
          "nixpkgs"
        ]
      },
      "locked": {
        "lastModified": 1659897340,
        "narHash": "sha256-INmCNzbFcz+71MSpgrsa7GZMRh93JCNkK2gt2CFnASI=",
        "owner": "SamirTalwar",
        "repo": "smoke",
        "rev": "99770bfdee077d4a5450a59ca2298f944a03f12f",
        "type": "github"
      },
      "original": {
        "owner": "SamirTalwar",
        "ref": "99770bfd",
        "repo": "smoke",
        "type": "github"
      }
    }
  },
  "root": "root",
  "version": 7
}
